
Microsoft Visual Studio Solution File, Format Version 11.00
# Visual Studio 2010
Project("{FAE04EC0-301F-11D3-BF4B-00C04F79EFBC}") = "JGCompanion", "JGCompanion\JGCompanion.csproj", "{758FBF28-0D05-43D1-9F1E-C660723A5BFB}"
EndProject
Global
	GlobalSection(SolutionConfigurationPlatforms) = preSolution
		Debug|Any CPU = Debug|Any CPU
		Release|Any CPU = Release|Any CPU
	EndGlobalSection
	GlobalSection(ProjectConfigurationPlatforms) = postSolution
		{758FBF28-0D05-43D1-9F1E-C660723A5BFB}.Debug|Any CPU.ActiveCfg = Debug|Any CPU
		{758FBF28-0D05-43D1-9F1E-C660723A5BFB}.Debug|Any CPU.Build.0 = Debug|Any CPU
		{758FBF28-0D05-43D1-9F1E-C660723A5BFB}.Release|Any CPU.ActiveCfg = Release|Any CPU
		{758FBF28-0D05-43D1-9F1E-C660723A5BFB}.Release|Any CPU.Build.0 = Release|Any CPU
	EndGlobalSection
	GlobalSection(SolutionProperties) = preSolution
		HideSolutionNode = FALSE
	EndGlobalSection
EndGlobal
